
Microsoft Visual Studio Solution File, Format Version 12.00
# Visual Studio 15
VisualStudioVersion = 15.0.27428.2027
MinimumVisualStudioVersion = 10.0.40219.1
Project("{FAE04EC0-301F-11D3-BF4B-00C04F79EFBC}") = "TestingNewCSharpStuff", "TestingNewCSharpStuff\TestingNewCSharpStuff.csproj", "{6FAE91F2-910D-4788-AC9C-957F451BE282}"
EndProject
Global
	GlobalSection(SolutionConfigurationPlatforms) = preSolution
		Debug|Any CPU = Debug|Any CPU
		Release|Any CPU = Release|Any CPU
	EndGlobalSection
	GlobalSection(ProjectConfigurationPlatforms) = postSolution
		{6FAE91F2-910D-4788-AC9C-957F451BE282}.Debug|Any CPU.ActiveCfg = Debug|Any CPU
		{6FAE91F2-910D-4788-AC9C-957F451BE282}.Debug|Any CPU.Build.0 = Debug|Any CPU
		{6FAE91F2-910D-4788-AC9C-957F451BE282}.Release|Any CPU.ActiveCfg = Release|Any CPU
		{6FAE91F2-910D-4788-AC9C-957F451BE282}.Release|Any CPU.Build.0 = Release|Any CPU
	EndGlobalSection
	GlobalSection(SolutionProperties) = preSolution
		HideSolutionNode = FALSE
	EndGlobalSection
	GlobalSection(ExtensibilityGlobals) = postSolution
		SolutionGuid = {6DFCAAA0-E1DA-4F71-91A9-B343EE854251}
	EndGlobalSection
EndGlobal
